
Microsoft Visual Studio Solution File, Format Version 12.00
# Visual Studio Version 16
VisualStudioVersion = 16.0.30804.86
MinimumVisualStudioVersion = 10.0.40219.1
Project("{FAE04EC0-301F-11D3-BF4B-00C04F79EFBC}") = "OfirSite", "OfirSite\OfirSite.csproj", "{AE5CE4DA-77FE-49B4-9CC4-995664CC82AE}"
EndProject
Global
	GlobalSection(SolutionConfigurationPlatforms) = preSolution
		Debug|Any CPU = Debug|Any CPU
		Release|Any CPU = Release|Any CPU
	EndGlobalSection
	GlobalSection(ProjectConfigurationPlatforms) = postSolution
		{AE5CE4DA-77FE-49B4-9CC4-995664CC82AE}.Debug|Any CPU.ActiveCfg = Debug|Any CPU
		{AE5CE4DA-77FE-49B4-9CC4-995664CC82AE}.Debug|Any CPU.Build.0 = Debug|Any CPU
		{AE5CE4DA-77FE-49B4-9CC4-995664CC82AE}.Release|Any CPU.ActiveCfg = Release|Any CPU
		{AE5CE4DA-77FE-49B4-9CC4-995664CC82AE}.Release|Any CPU.Build.0 = Release|Any CPU
	EndGlobalSection
	GlobalSection(SolutionProperties) = preSolution
		HideSolutionNode = FALSE
	EndGlobalSection
	GlobalSection(ExtensibilityGlobals) = postSolution
		SolutionGuid = {5734083D-AFE4-4DA4-853A-0A8A874A5AEA}
	EndGlobalSection
EndGlobal
